// !$*UTF8*$!
{
	archiveVersion = 1;
	classes = {
	};
	objectVersion = 56;
	objects = {

/* Begin PBXBuildFile section */
		697F6C2BBD35072EDD2DDD1E /* libPods-8controlleProject.a in Frameworks */ = {isa = PBXBuildFile; fileRef = 3BD1AED1714D636C9EB74189 /* libPods-8controlleProject.a */; };
		FD4DE70D29BF447D003120CD /* TenthViewController.swift in Sources */ = {isa = PBXBuildFile; fileRef = FD4DE70C29BF447D003120CD /* TenthViewController.swift */; };
		FD4DE70F29BF468D003120CD /* NotesTableViewCell.swift in Sources */ = {isa = PBXBuildFile; fileRef = FD4DE70E29BF468D003120CD /* NotesTableViewCell.swift */; };
		FD4DE71129BF48E2003120CD /* NoteView.swift in Sources */ = {isa = PBXBuildFile; fileRef = FD4DE71029BF48E2003120CD /* NoteView.swift */; };
		FD52DAE629BB89C7004699C6 /* CustomProgressBar.swift in Sources */ = {isa = PBXBuildFile; fileRef = FD52DAE529BB89C7004699C6 /* CustomProgressBar.swift */; };
		FD52DAE829BC5069004699C6 /* Colors.swift in Sources */ = {isa = PBXBuildFile; fileRef = FD52DAE729BC5069004699C6 /* Colors.swift */; };
		FD52DAEA29BC520D004699C6 /* UIColor+Extention.swift in Sources */ = {isa = PBXBuildFile; fileRef = FD52DAE929BC520D004699C6 /* UIColor+Extention.swift */; };
		FD52DAF429BC5DFA004699C6 /* Ubuntu-Bold.ttf in Resources */ = {isa = PBXBuildFile; fileRef = FD52DAF329BC578F004699C6 /* Ubuntu-Bold.ttf */; };
		FD52DAF529BC5DFA004699C6 /* Ubuntu-Regular.ttf in Resources */ = {isa = PBXBuildFile; fileRef = FD52DAEF29BC578F004699C6 /* Ubuntu-Regular.ttf */; };
		FD52DAF629BC5DFA004699C6 /* Ubuntu-MediumItalic.ttf in Resources */ = {isa = PBXBuildFile; fileRef = FD52DAEE29BC578F004699C6 /* Ubuntu-MediumItalic.ttf */; };
		FD52DAF729BC5DFA004699C6 /* Ubuntu-Light.ttf in Resources */ = {isa = PBXBuildFile; fileRef = FD52DAF029BC578F004699C6 /* Ubuntu-Light.ttf */; };
		FD52DAF829BC5DFA004699C6 /* Ubuntu-Medium.ttf in Resources */ = {isa = PBXBuildFile; fileRef = FD52DAED29BC578F004699C6 /* Ubuntu-Medium.ttf */; };
		FD52DAF929BC5DFA004699C6 /* Ubuntu-Italic.ttf in Resources */ = {isa = PBXBuildFile; fileRef = FD52DAF229BC578F004699C6 /* Ubuntu-Italic.ttf */; };
		FD52DAFA29BC5DFA004699C6 /* Ubuntu-BoldItalic.ttf in Resources */ = {isa = PBXBuildFile; fileRef = FD52DAF129BC578F004699C6 /* Ubuntu-BoldItalic.ttf */; };
		FD52DAFB29BC5DFA004699C6 /* Ubuntu-LightItalic.ttf in Resources */ = {isa = PBXBuildFile; fileRef = FD52DAEC29BC578E004699C6 /* Ubuntu-LightItalic.ttf */; };
		FD52DAFF29BC6FEF004699C6 /* ProgressView.swift in Sources */ = {isa = PBXBuildFile; fileRef = FD52DAFE29BC6FEF004699C6 /* ProgressView.swift */; };
		FD52DB0129BC772F004699C6 /* MyLessonsView.swift in Sources */ = {isa = PBXBuildFile; fileRef = FD52DB0029BC772F004699C6 /* MyLessonsView.swift */; };
		FD52DB0329BC7C3A004699C6 /* LessonTableViewCell.swift in Sources */ = {isa = PBXBuildFile; fileRef = FD52DB0229BC7C3A004699C6 /* LessonTableViewCell.swift */; };
		FD52DB0529BC7C6D004699C6 /* UIView+Extention.swift in Sources */ = {isa = PBXBuildFile; fileRef = FD52DB0429BC7C6D004699C6 /* UIView+Extention.swift */; };
		FD52DB0729BC8146004699C6 /* UIFont+Extentions.swift in Sources */ = {isa = PBXBuildFile; fileRef = FD52DB0629BC8146004699C6 /* UIFont+Extentions.swift */; };
		FD52DB0E29BC87DD004699C6 /* Lesson.swift in Sources */ = {isa = PBXBuildFile; fileRef = FD52DB0D29BC87DD004699C6 /* Lesson.swift */; };
		FD6113CE29BB81A7000C4B68 /* AppDelegate.swift in Sources */ = {isa = PBXBuildFile; fileRef = FD6113CD29BB81A7000C4B68 /* AppDelegate.swift */; };
		FD6113D029BB81A7000C4B68 /* SceneDelegate.swift in Sources */ = {isa = PBXBuildFile; fileRef = FD6113CF29BB81A7000C4B68 /* SceneDelegate.swift */; };
		FD6113D229BB81A7000C4B68 /* ViewController.swift in Sources */ = {isa = PBXBuildFile; fileRef = FD6113D129BB81A7000C4B68 /* ViewController.swift */; };
		FD6113D729BB81A9000C4B68 /* Assets.xcassets in Resources */ = {isa = PBXBuildFile; fileRef = FD6113D629BB81A9000C4B68 /* Assets.xcassets */; };
		FD6113DA29BB81A9000C4B68 /* LaunchScreen.storyboard in Resources */ = {isa = PBXBuildFile; fileRef = FD6113D829BB81A9000C4B68 /* LaunchScreen.storyboard */; };
/* End PBXBuildFile section */

/* Begin PBXFileReference section */
		3BD1AED1714D636C9EB74189 /* libPods-8controlleProject.a */ = {isa = PBXFileReference; explicitFileType = archive.ar; includeInIndex = 0; path = "libPods-8controlleProject.a"; sourceTree = BUILT_PRODUCTS_DIR; };
		F097DB088FBC3D980B48674D /* Pods-8controlleProject.debug.xcconfig */ = {isa = PBXFileReference; includeInIndex = 1; lastKnownFileType = text.xcconfig; name = "Pods-8controlleProject.debug.xcconfig"; path = "Target Support Files/Pods-8controlleProject/Pods-8controlleProject.debug.xcconfig"; sourceTree = "<group>"; };
		F2EC06F9B98F7AAE84D90195 /* Pods-8controlleProject.release.xcconfig */ = {isa = PBXFileReference; includeInIndex = 1; lastKnownFileType = text.xcconfig; name = "Pods-8controlleProject.release.xcconfig"; path = "Target Support Files/Pods-8controlleProject/Pods-8controlleProject.release.xcconfig"; sourceTree = "<group>"; };
		FD4DE70C29BF447D003120CD /* TenthViewController.swift */ = {isa = PBXFileReference; lastKnownFileType = sourcecode.swift; path = TenthViewController.swift; sourceTree = "<group>"; };
		FD4DE70E29BF468D003120CD /* NotesTableViewCell.swift */ = {isa = PBXFileReference; lastKnownFileType = sourcecode.swift; path = NotesTableViewCell.swift; sourceTree = "<group>"; };
		FD4DE71029BF48E2003120CD /* NoteView.swift */ = {isa = PBXFileReference; lastKnownFileType = sourcecode.swift; path = NoteView.swift; sourceTree = "<group>"; };
		FD52DAE529BB89C7004699C6 /* CustomProgressBar.swift */ = {isa = PBXFileReference; lastKnownFileType = sourcecode.swift; path = CustomProgressBar.swift; sourceTree = "<group>"; };
		FD52DAE729BC5069004699C6 /* Colors.swift */ = {isa = PBXFileReference; lastKnownFileType = sourcecode.swift; path = Colors.swift; sourceTree = "<group>"; };
		FD52DAE929BC520D004699C6 /* UIColor+Extention.swift */ = {isa = PBXFileReference; lastKnownFileType = sourcecode.swift; path = "UIColor+Extention.swift"; sourceTree = "<group>"; };
		FD52DAEC29BC578E004699C6 /* Ubuntu-LightItalic.ttf */ = {isa = PBXFileReference; lastKnownFileType = file; path = "Ubuntu-LightItalic.ttf"; sourceTree = "<group>"; };
		FD52DAED29BC578F004699C6 /* Ubuntu-Medium.ttf */ = {isa = PBXFileReference; lastKnownFileType = file; path = "Ubuntu-Medium.ttf"; sourceTree = "<group>"; };
		FD52DAEE29BC578F004699C6 /* Ubuntu-MediumItalic.ttf */ = {isa = PBXFileReference; lastKnownFileType = file; path = "Ubuntu-MediumItalic.ttf"; sourceTree = "<group>"; };
		FD52DAEF29BC578F004699C6 /* Ubuntu-Regular.ttf */ = {isa = PBXFileReference; lastKnownFileType = file; path = "Ubuntu-Regular.ttf"; sourceTree = "<group>"; };
		FD52DAF029BC578F004699C6 /* Ubuntu-Light.ttf */ = {isa = PBXFileReference; lastKnownFileType = file; path = "Ubuntu-Light.ttf"; sourceTree = "<group>"; };
		FD52DAF129BC578F004699C6 /* Ubuntu-BoldItalic.ttf */ = {isa = PBXFileReference; lastKnownFileType = file; path = "Ubuntu-BoldItalic.ttf"; sourceTree = "<group>"; };
		FD52DAF229BC578F004699C6 /* Ubuntu-Italic.ttf */ = {isa = PBXFileReference; lastKnownFileType = file; path = "Ubuntu-Italic.ttf"; sourceTree = "<group>"; };
		FD52DAF329BC578F004699C6 /* Ubuntu-Bold.ttf */ = {isa = PBXFileReference; lastKnownFileType = file; path = "Ubuntu-Bold.ttf"; sourceTree = "<group>"; };
		FD52DAFE29BC6FEF004699C6 /* ProgressView.swift */ = {isa = PBXFileReference; lastKnownFileType = sourcecode.swift; path = ProgressView.swift; sourceTree = "<group>"; };
		FD52DB0029BC772F004699C6 /* MyLessonsView.swift */ = {isa = PBXFileReference; lastKnownFileType = sourcecode.swift; path = MyLessonsView.swift; sourceTree = "<group>"; };
		FD52DB0229BC7C3A004699C6 /* LessonTableViewCell.swift */ = {isa = PBXFileReference; lastKnownFileType = sourcecode.swift; path = LessonTableViewCell.swift; sourceTree = "<group>"; };
		FD52DB0429BC7C6D004699C6 /* UIView+Extention.swift */ = {isa = PBXFileReference; lastKnownFileType = sourcecode.swift; path = "UIView+Extention.swift"; sourceTree = "<group>"; };
		FD52DB0629BC8146004699C6 /* UIFont+Extentions.swift */ = {isa = PBXFileReference; lastKnownFileType = sourcecode.swift; path = "UIFont+Extentions.swift"; sourceTree = "<group>"; };
		FD52DB0D29BC87DD004699C6 /* Lesson.swift */ = {isa = PBXFileReference; lastKnownFileType = sourcecode.swift; path = Lesson.swift; sourceTree = "<group>"; };
		FD6113CA29BB81A7000C4B68 /* 8controlleProject.app */ = {isa = PBXFileReference; explicitFileType = wrapper.application; includeInIndex = 0; path = 8controlleProject.app; sourceTree = BUILT_PRODUCTS_DIR; };
		FD6113CD29BB81A7000C4B68 /* AppDelegate.swift */ = {isa = PBXFileReference; lastKnownFileType = sourcecode.swift; path = AppDelegate.swift; sourceTree = "<group>"; };
		FD6113CF29BB81A7000C4B68 /* SceneDelegate.swift */ = {isa = PBXFileReference; lastKnownFileType = sourcecode.swift; path = SceneDelegate.swift; sourceTree = "<group>"; };
		FD6113D129BB81A7000C4B68 /* ViewController.swift */ = {isa = PBXFileReference; lastKnownFileType = sourcecode.swift; path = ViewController.swift; sourceTree = "<group>"; };
		FD6113D629BB81A9000C4B68 /* Assets.xcassets */ = {isa = PBXFileReference; lastKnownFileType = folder.assetcatalog; path = Assets.xcassets; sourceTree = "<group>"; };
		FD6113D929BB81A9000C4B68 /* Base */ = {isa = PBXFileReference; lastKnownFileType = file.storyboard; name = Base; path = Base.lproj/LaunchScreen.storyboard; sourceTree = "<group>"; };
		FD6113DB29BB81A9000C4B68 /* Info.plist */ = {isa = PBXFileReference; lastKnownFileType = text.plist.xml; path = Info.plist; sourceTree = "<group>"; };
/* End PBXFileReference section */

/* Begin PBXFrameworksBuildPhase section */
		FD6113C729BB81A7000C4B68 /* Frameworks */ = {
			isa = PBXFrameworksBuildPhase;
			buildActionMask = 2147483647;
			files = (
				697F6C2BBD35072EDD2DDD1E /* libPods-8controlleProject.a in Frameworks */,
			);
			runOnlyForDeploymentPostprocessing = 0;
		};
/* End PBXFrameworksBuildPhase section */

/* Begin PBXGroup section */
		1FE07AC59C28162C3626B824 /* Frameworks */ = {
			isa = PBXGroup;
			children = (
				3BD1AED1714D636C9EB74189 /* libPods-8controlleProject.a */,
			);
			name = Frameworks;
			sourceTree = "<group>";
		};
		A03D0639E179B5388C11E3C3 /* Pods */ = {
			isa = PBXGroup;
			children = (
				F097DB088FBC3D980B48674D /* Pods-8controlleProject.debug.xcconfig */,
				F2EC06F9B98F7AAE84D90195 /* Pods-8controlleProject.release.xcconfig */,
			);
			path = Pods;
			sourceTree = "<group>";
		};
		FD4DE70B29BF443A003120CD /* Controllers */ = {
			isa = PBXGroup;
			children = (
				FD6113D129BB81A7000C4B68 /* ViewController.swift */,
				FD4DE70C29BF447D003120CD /* TenthViewController.swift */,
			);
			path = Controllers;
			sourceTree = "<group>";
		};
		FD52DAEB29BC577B004699C6 /* Fonts */ = {
			isa = PBXGroup;
			children = (
				FD52DAF329BC578F004699C6 /* Ubuntu-Bold.ttf */,
				FD52DAF129BC578F004699C6 /* Ubuntu-BoldItalic.ttf */,
				FD52DAF229BC578F004699C6 /* Ubuntu-Italic.ttf */,
				FD52DAF029BC578F004699C6 /* Ubuntu-Light.ttf */,
				FD52DAEC29BC578E004699C6 /* Ubuntu-LightItalic.ttf */,
				FD52DAED29BC578F004699C6 /* Ubuntu-Medium.ttf */,
				FD52DAEE29BC578F004699C6 /* Ubuntu-MediumItalic.ttf */,
				FD52DAEF29BC578F004699C6 /* Ubuntu-Regular.ttf */,
			);
			path = Fonts;
			sourceTree = "<group>";
		};
		FD52DB0829BC8780004699C6 /* Extentions */ = {
			isa = PBXGroup;
			children = (
				FD52DAE929BC520D004699C6 /* UIColor+Extention.swift */,
				FD52DB0629BC8146004699C6 /* UIFont+Extentions.swift */,
				FD52DB0429BC7C6D004699C6 /* UIView+Extention.swift */,
			);
			path = Extentions;
			sourceTree = "<group>";
		};
		FD52DB0929BC879F004699C6 /* Views */ = {
			isa = PBXGroup;
			children = (
				FD52DAFE29BC6FEF004699C6 /* ProgressView.swift */,
				FD52DB0029BC772F004699C6 /* MyLessonsView.swift */,
				FD4DE71029BF48E2003120CD /* NoteView.swift */,
			);
			path = Views;
			sourceTree = "<group>";
		};
		FD52DB0A29BC87A7004699C6 /* CustomUI */ = {
			isa = PBXGroup;
			children = (
				FD52DAE529BB89C7004699C6 /* CustomProgressBar.swift */,
			);
			path = CustomUI;
			sourceTree = "<group>";
		};
		FD52DB0B29BC87B2004699C6 /* Cells */ = {
			isa = PBXGroup;
			children = (
				FD52DB0229BC7C3A004699C6 /* LessonTableViewCell.swift */,
				FD4DE70E29BF468D003120CD /* NotesTableViewCell.swift */,
			);
			path = Cells;
			sourceTree = "<group>";
		};
		FD52DB0C29BC87CB004699C6 /* Model */ = {
			isa = PBXGroup;
			children = (
				FD52DB0D29BC87DD004699C6 /* Lesson.swift */,
			);
			path = Model;
			sourceTree = "<group>";
		};
		FD6113C129BB81A7000C4B68 = {
			isa = PBXGroup;
			children = (
				FD6113CC29BB81A7000C4B68 /* 8controlleProject */,
				FD6113CB29BB81A7000C4B68 /* Products */,
				A03D0639E179B5388C11E3C3 /* Pods */,
				1FE07AC59C28162C3626B824 /* Frameworks */,
			);
			sourceTree = "<group>";
		};
		FD6113CB29BB81A7000C4B68 /* Products */ = {
			isa = PBXGroup;
			children = (
				FD6113CA29BB81A7000C4B68 /* 8controlleProject.app */,
			);
			name = Products;
			sourceTree = "<group>";
		};
		FD6113CC29BB81A7000C4B68 /* 8controlleProject */ = {
			isa = PBXGroup;
			children = (
				FD6113CD29BB81A7000C4B68 /* AppDelegate.swift */,
				FD6113CF29BB81A7000C4B68 /* SceneDelegate.swift */,
				FD4DE70B29BF443A003120CD /* Controllers */,
				FD52DB0929BC879F004699C6 /* Views */,
				FD52DB0829BC8780004699C6 /* Extentions */,
				FD52DB0A29BC87A7004699C6 /* CustomUI */,
				FD52DB0B29BC87B2004699C6 /* Cells */,
				FD52DAEB29BC577B004699C6 /* Fonts */,
				FD52DAE729BC5069004699C6 /* Colors.swift */,
				FD52DB0C29BC87CB004699C6 /* Model */,
				FD6113D629BB81A9000C4B68 /* Assets.xcassets */,
				FD6113D829BB81A9000C4B68 /* LaunchScreen.storyboard */,
				FD6113DB29BB81A9000C4B68 /* Info.plist */,
			);
			path = 8controlleProject;
			sourceTree = "<group>";
		};
/* End PBXGroup section */

/* Begin PBXNativeTarget section */
		FD6113C929BB81A7000C4B68 /* 8controlleProject */ = {
			isa = PBXNativeTarget;
			buildConfigurationList = FD6113DE29BB81A9000C4B68 /* Build configuration list for PBXNativeTarget "8controlleProject" */;
			buildPhases = (
				21FCE388F5FDAAEFCBE7C29C /* [CP] Check Pods Manifest.lock */,
				FD6113C629BB81A7000C4B68 /* Sources */,
				FD6113C729BB81A7000C4B68 /* Frameworks */,
				FD6113C829BB81A7000C4B68 /* Resources */,
			);
			buildRules = (
			);
			dependencies = (
			);
			name = 8controlleProject;
			productName = 8controlleProject;
			productReference = FD6113CA29BB81A7000C4B68 /* 8controlleProject.app */;
			productType = "com.apple.product-type.application";
		};
/* End PBXNativeTarget section */

/* Begin PBXProject section */
		FD6113C229BB81A7000C4B68 /* Project object */ = {
			isa = PBXProject;
			attributes = {
				BuildIndependentTargetsInParallel = 1;
				LastSwiftUpdateCheck = 1400;
				LastUpgradeCheck = 1400;
				TargetAttributes = {
					FD6113C929BB81A7000C4B68 = {
						CreatedOnToolsVersion = 14.0;
					};
				};
			};
			buildConfigurationList = FD6113C529BB81A7000C4B68 /* Build configuration list for PBXProject "8controlleProject" */;
			compatibilityVersion = "Xcode 14.0";
			developmentRegion = en;
			hasScannedForEncodings = 0;
			knownRegions = (
				en,
				Base,
			);
			mainGroup = FD6113C129BB81A7000C4B68;
			productRefGroup = FD6113CB29BB81A7000C4B68 /* Products */;
			projectDirPath = "";
			projectRoot = "";
			targets = (
				FD6113C929BB81A7000C4B68 /* 8controlleProject */,
			);
		};
/* End PBXProject section */

/* Begin PBXResourcesBuildPhase section */
		FD6113C829BB81A7000C4B68 /* Resources */ = {
			isa = PBXResourcesBuildPhase;
			buildActionMask = 2147483647;
			files = (
				FD52DAFB29BC5DFA004699C6 /* Ubuntu-LightItalic.ttf in Resources */,
				FD52DAF529BC5DFA004699C6 /* Ubuntu-Regular.ttf in Resources */,
				FD6113DA29BB81A9000C4B68 /* LaunchScreen.storyboard in Resources */,
				FD52DAFA29BC5DFA004699C6 /* Ubuntu-BoldItalic.ttf in Resources */,
				FD52DAF829BC5DFA004699C6 /* Ubuntu-Medium.ttf in Resources */,
				FD52DAF929BC5DFA004699C6 /* Ubuntu-Italic.ttf in Resources */,
				FD52DAF629BC5DFA004699C6 /* Ubuntu-MediumItalic.ttf in Resources */,
				FD6113D729BB81A9000C4B68 /* Assets.xcassets in Resources */,
				FD52DAF729BC5DFA004699C6 /* Ubuntu-Light.ttf in Resources */,
				FD52DAF429BC5DFA004699C6 /* Ubuntu-Bold.ttf in Resources */,
			);
			runOnlyForDeploymentPostprocessing = 0;
		};
/* End PBXResourcesBuildPhase section */

/* Begin PBXShellScriptBuildPhase section */
		21FCE388F5FDAAEFCBE7C29C /* [CP] Check Pods Manifest.lock */ = {
			isa = PBXShellScriptBuildPhase;
			buildActionMask = 2147483647;
			files = (
			);
			inputFileListPaths = (
			);
			inputPaths = (
				"${PODS_PODFILE_DIR_PATH}/Podfile.lock",
				"${PODS_ROOT}/Manifest.lock",
			);
			name = "[CP] Check Pods Manifest.lock";
			outputFileListPaths = (
			);
			outputPaths = (
				"$(DERIVED_FILE_DIR)/Pods-8controlleProject-checkManifestLockResult.txt",
			);
			runOnlyForDeploymentPostprocessing = 0;
			shellPath = /bin/sh;
			shellScript = "diff \"${PODS_PODFILE_DIR_PATH}/Podfile.lock\" \"${PODS_ROOT}/Manifest.lock\" > /dev/null\nif [ $? != 0 ] ; then\n    # print error to STDERR\n    echo \"error: The sandbox is not in sync with the Podfile.lock. Run 'pod install' or update your CocoaPods installation.\" >&2\n    exit 1\nfi\n# This output is used by Xcode 'outputs' to avoid re-running this script phase.\necho \"SUCCESS\" > \"${SCRIPT_OUTPUT_FILE_0}\"\n";
			showEnvVarsInLog = 0;
		};
/* End PBXShellScriptBuildPhase section */

/* Begin PBXSourcesBuildPhase section */
		FD6113C629BB81A7000C4B68 /* Sources */ = {
			isa = PBXSourcesBuildPhase;
			buildActionMask = 2147483647;
			files = (
				FD52DAEA29BC520D004699C6 /* UIColor+Extention.swift in Sources */,
				FD6113D229BB81A7000C4B68 /* ViewController.swift in Sources */,
				FD52DAE829BC5069004699C6 /* Colors.swift in Sources */,
				FD52DB0329BC7C3A004699C6 /* LessonTableViewCell.swift in Sources */,
				FD6113CE29BB81A7000C4B68 /* AppDelegate.swift in Sources */,
				FD4DE70F29BF468D003120CD /* NotesTableViewCell.swift in Sources */,
				FD52DB0529BC7C6D004699C6 /* UIView+Extention.swift in Sources */,
				FD52DB0E29BC87DD004699C6 /* Lesson.swift in Sources */,
				FD52DAFF29BC6FEF004699C6 /* ProgressView.swift in Sources */,
				FD6113D029BB81A7000C4B68 /* SceneDelegate.swift in Sources */,
				FD52DB0129BC772F004699C6 /* MyLessonsView.swift in Sources */,
				FD4DE71129BF48E2003120CD /* NoteView.swift in Sources */,
				FD52DAE629BB89C7004699C6 /* CustomProgressBar.swift in Sources */,
				FD4DE70D29BF447D003120CD /* TenthViewController.swift in Sources */,
				FD52DB0729BC8146004699C6 /* UIFont+Extentions.swift in Sources */,
			);
			runOnlyForDeploymentPostprocessing = 0;
		};
/* End PBXSourcesBuildPhase section */

/* Begin PBXVariantGroup section */
		FD6113D829BB81A9000C4B68 /* LaunchScreen.storyboard */ = {
			isa = PBXVariantGroup;
			children = (
				FD6113D929BB81A9000C4B68 /* Base */,
			);
			name = LaunchScreen.storyboard;
			sourceTree = "<group>";
		};
/* End PBXVariantGroup section */

/* Begin XCBuildConfiguration section */
		FD6113DC29BB81A9000C4B68 /* Debug */ = {
			isa = XCBuildConfiguration;
			buildSettings = {
				ALWAYS_SEARCH_USER_PATHS = NO;
				CLANG_ANALYZER_NONNULL = YES;
				CLANG_ANALYZER_NUMBER_OBJECT_CONVERSION = YES_AGGRESSIVE;
				CLANG_CXX_LANGUAGE_STANDARD = "gnu++20";
				CLANG_ENABLE_MODULES = YES;
				CLANG_ENABLE_OBJC_ARC = YES;
				CLANG_ENABLE_OBJC_WEAK = YES;
				CLANG_WARN_BLOCK_CAPTURE_AUTORELEASING = YES;
				CLANG_WARN_BOOL_CONVERSION = YES;
				CLANG_WARN_COMMA = YES;
				CLANG_WARN_CONSTANT_CONVERSION = YES;
				CLANG_WARN_DEPRECATED_OBJC_IMPLEMENTATIONS = YES;
				CLANG_WARN_DIRECT_OBJC_ISA_USAGE = YES_ERROR;
				CLANG_WARN_DOCUMENTATION_COMMENTS = YES;
				CLANG_WARN_EMPTY_BODY = YES;
				CLANG_WARN_ENUM_CONVERSION = YES;
				CLANG_WARN_INFINITE_RECURSION = YES;
				CLANG_WARN_INT_CONVERSION = YES;
				CLANG_WARN_NON_LITERAL_NULL_CONVERSION = YES;
				CLANG_WARN_OBJC_IMPLICIT_RETAIN_SELF = YES;
				CLANG_WARN_OBJC_LITERAL_CONVERSION = YES;
				CLANG_WARN_OBJC_ROOT_CLASS = YES_ERROR;
				CLANG_WARN_QUOTED_INCLUDE_IN_FRAMEWORK_HEADER = YES;
				CLANG_WARN_RANGE_LOOP_ANALYSIS = YES;
				CLANG_WARN_STRICT_PROTOTYPES = YES;
				CLANG_WARN_SUSPICIOUS_MOVE = YES;
				CLANG_WARN_UNGUARDED_AVAILABILITY = YES_AGGRESSIVE;
				CLANG_WARN_UNREACHABLE_CODE = YES;
				CLANG_WARN__DUPLICATE_METHOD_MATCH = YES;
				COPY_PHASE_STRIP = NO;
				DEBUG_INFORMATION_FORMAT = dwarf;
				ENABLE_STRICT_OBJC_MSGSEND = YES;
				ENABLE_TESTABILITY = YES;
				GCC_C_LANGUAGE_STANDARD = gnu11;
				GCC_DYNAMIC_NO_PIC = NO;
				GCC_NO_COMMON_BLOCKS = YES;
				GCC_OPTIMIZATION_LEVEL = 0;
				GCC_PREPROCESSOR_DEFINITIONS = (
					"DEBUG=1",
					"$(inherited)",
				);
				GCC_WARN_64_TO_32_BIT_CONVERSION = YES;
				GCC_WARN_ABOUT_RETURN_TYPE = YES_ERROR;
				GCC_WARN_UNDECLARED_SELECTOR = YES;
				GCC_WARN_UNINITIALIZED_AUTOS = YES_AGGRESSIVE;
				GCC_WARN_UNUSED_FUNCTION = YES;
				GCC_WARN_UNUSED_VARIABLE = YES;
				IPHONEOS_DEPLOYMENT_TARGET = 16.0;
				MTL_ENABLE_DEBUG_INFO = INCLUDE_SOURCE;
				MTL_FAST_MATH = YES;
				ONLY_ACTIVE_ARCH = YES;
				SDKROOT = iphoneos;
				SWIFT_ACTIVE_COMPILATION_CONDITIONS = DEBUG;
				SWIFT_OPTIMIZATION_LEVEL = "-Onone";
			};
			name = Debug;
		};
		FD6113DD29BB81A9000C4B68 /* Release */ = {
			isa = XCBuildConfiguration;
			buildSettings = {
				ALWAYS_SEARCH_USER_PATHS = NO;
				CLANG_ANALYZER_NONNULL = YES;
				CLANG_ANALYZER_NUMBER_OBJECT_CONVERSION = YES_AGGRESSIVE;
				CLANG_CXX_LANGUAGE_STANDARD = "gnu++20";
				CLANG_ENABLE_MODULES = YES;
				CLANG_ENABLE_OBJC_ARC = YES;
				CLANG_ENABLE_OBJC_WEAK = YES;
				CLANG_WARN_BLOCK_CAPTURE_AUTORELEASING = YES;
				CLANG_WARN_BOOL_CONVERSION = YES;
				CLANG_WARN_COMMA = YES;
				CLANG_WARN_CONSTANT_CONVERSION = YES;
				CLANG_WARN_DEPRECATED_OBJC_IMPLEMENTATIONS = YES;
				CLANG_WARN_DIRECT_OBJC_ISA_USAGE = YES_ERROR;
				CLANG_WARN_DOCUMENTATION_COMMENTS = YES;
				CLANG_WARN_EMPTY_BODY = YES;
				CLANG_WARN_ENUM_CONVERSION = YES;
				CLANG_WARN_INFINITE_RECURSION = YES;
				CLANG_WARN_INT_CONVERSION = YES;
				CLANG_WARN_NON_LITERAL_NULL_CONVERSION = YES;
				CLANG_WARN_OBJC_IMPLICIT_RETAIN_SELF = YES;
				CLANG_WARN_OBJC_LITERAL_CONVERSION = YES;
				CLANG_WARN_OBJC_ROOT_CLASS = YES_ERROR;
				CLANG_WARN_QUOTED_INCLUDE_IN_FRAMEWORK_HEADER = YES;
				CLANG_WARN_RANGE_LOOP_ANALYSIS = YES;
				CLANG_WARN_STRICT_PROTOTYPES = YES;
				CLANG_WARN_SUSPICIOUS_MOVE = YES;
				CLANG_WARN_UNGUARDED_AVAILABILITY = YES_AGGRESSIVE;
				CLANG_WARN_UNREACHABLE_CODE = YES;
				CLANG_WARN__DUPLICATE_METHOD_MATCH = YES;
				COPY_PHASE_STRIP = NO;
				DEBUG_INFORMATION_FORMAT = "dwarf-with-dsym";
				ENABLE_NS_ASSERTIONS = NO;
				ENABLE_STRICT_OBJC_MSGSEND = YES;
				GCC_C_LANGUAGE_STANDARD = gnu11;
				GCC_NO_COMMON_BLOCKS = YES;
				GCC_WARN_64_TO_32_BIT_CONVERSION = YES;
				GCC_WARN_ABOUT_RETURN_TYPE = YES_ERROR;
				GCC_WARN_UNDECLARED_SELECTOR = YES;
				GCC_WARN_UNINITIALIZED_AUTOS = YES_AGGRESSIVE;
				GCC_WARN_UNUSED_FUNCTION = YES;
				GCC_WARN_UNUSED_VARIABLE = YES;
				IPHONEOS_DEPLOYMENT_TARGET = 16.0;
				MTL_ENABLE_DEBUG_INFO = NO;
				MTL_FAST_MATH = YES;
				SDKROOT = iphoneos;
				SWIFT_COMPILATION_MODE = wholemodule;
				SWIFT_OPTIMIZATION_LEVEL = "-O";
				VALIDATE_PRODUCT = YES;
			};
			name = Release;
		};
		FD6113DF29BB81A9000C4B68 /* Debug */ = {
			isa = XCBuildConfiguration;
			baseConfigurationReference = F097DB088FBC3D980B48674D /* Pods-8controlleProject.debug.xcconfig */;
			buildSettings = {
				ASSETCATALOG_COMPILER_APPICON_NAME = AppIcon;
				ASSETCATALOG_COMPILER_GLOBAL_ACCENT_COLOR_NAME = AccentColor;
				CODE_SIGN_STYLE = Automatic;
				CURRENT_PROJECT_VERSION = 1;
				DEVELOPMENT_TEAM = VXMM262X54;
				GENERATE_INFOPLIST_FILE = YES;
				INFOPLIST_FILE = 8controlleProject/Info.plist;
				INFOPLIST_KEY_UIApplicationSupportsIndirectInputEvents = YES;
				INFOPLIST_KEY_UILaunchStoryboardName = LaunchScreen;
				INFOPLIST_KEY_UISupportedInterfaceOrientations_iPad = "UIInterfaceOrientationPortrait UIInterfaceOrientationPortraitUpsideDown UIInterfaceOrientationLandscapeLeft UIInterfaceOrientationLandscapeRight";
				INFOPLIST_KEY_UISupportedInterfaceOrientations_iPhone = "UIInterfaceOrientationPortrait UIInterfaceOrientationLandscapeLeft UIInterfaceOrientationLandscapeRight";
				LD_RUNPATH_SEARCH_PATHS = (
					"$(inherited)",
					"@executable_path/Frameworks",
				);
				MARKETING_VERSION = 1.0;
				PRODUCT_BUNDLE_IDENTIFIER = "ru.MikhailChuparnov.-controlleProject";
				PRODUCT_NAME = "$(TARGET_NAME)";
				SWIFT_EMIT_LOC_STRINGS = YES;
				SWIFT_VERSION = 5.0;
				TARGETED_DEVICE_FAMILY = "1,2";
			};
			name = Debug;
		};
		FD6113E029BB81A9000C4B68 /* Release */ = {
			isa = XCBuildConfiguration;
			baseConfigurationReference = F2EC06F9B98F7AAE84D90195 /* Pods-8controlleProject.release.xcconfig */;
			buildSettings = {
				ASSETCATALOG_COMPILER_APPICON_NAME = AppIcon;
				ASSETCATALOG_COMPILER_GLOBAL_ACCENT_COLOR_NAME = AccentColor;
				CODE_SIGN_STYLE = Automatic;
				CURRENT_PROJECT_VERSION = 1;
				DEVELOPMENT_TEAM = VXMM262X54;
				GENERATE_INFOPLIST_FILE = YES;
				INFOPLIST_FILE = 8controlleProject/Info.plist;
				INFOPLIST_KEY_UIApplicationSupportsIndirectInputEvents = YES;
				INFOPLIST_KEY_UILaunchStoryboardName = LaunchScreen;
				INFOPLIST_KEY_UISupportedInterfaceOrientations_iPad = "UIInterfaceOrientationPortrait UIInterfaceOrientationPortraitUpsideDown UIInterfaceOrientationLandscapeLeft UIInterfaceOrientationLandscapeRight";
				INFOPLIST_KEY_UISupportedInterfaceOrientations_iPhone = "UIInterfaceOrientationPortrait UIInterfaceOrientationLandscapeLeft UIInterfaceOrientationLandscapeRight";
				LD_RUNPATH_SEARCH_PATHS = (
					"$(inherited)",
					"@executable_path/Frameworks",
				);
				MARKETING_VERSION = 1.0;
				PRODUCT_BUNDLE_IDENTIFIER = "ru.MikhailChuparnov.-controlleProject";
				PRODUCT_NAME = "$(TARGET_NAME)";
				SWIFT_EMIT_LOC_STRINGS = YES;
				SWIFT_VERSION = 5.0;
				TARGETED_DEVICE_FAMILY = "1,2";
			};
			name = Release;
		};
/* End XCBuildConfiguration section */

/* Begin XCConfigurationList section */
		FD6113C529BB81A7000C4B68 /* Build configuration list for PBXProject "8controlleProject" */ = {
			isa = XCConfigurationList;
			buildConfigurations = (
				FD6113DC29BB81A9000C4B68 /* Debug */,
				FD6113DD29BB81A9000C4B68 /* Release */,
			);
			defaultConfigurationIsVisible = 0;
			defaultConfigurationName = Release;
		};
		FD6113DE29BB81A9000C4B68 /* Build configuration list for PBXNativeTarget "8controlleProject" */ = {
			isa = XCConfigurationList;
			buildConfigurations = (
				FD6113DF29BB81A9000C4B68 /* Debug */,
				FD6113E029BB81A9000C4B68 /* Release */,
			);
			defaultConfigurationIsVisible = 0;
			defaultConfigurationName = Release;
		};
/* End XCConfigurationList section */
	};
	rootObject = FD6113C229BB81A7000C4B68 /* Project object */;
}
